{
  "version": 4,
  "terraform_version": "1.11.4",
  "serial": 4,
  "lineage": "88050ff7-dbe9-9bf1-5eaf-1aa9a4d9d72c",
  "outputs": {},
  "resources": [
    {
      "module": "module.features",
      "mode": "managed",
      "type": "aws_cloudfront_origin_access_control",
      "name": "ofe_cloudfront_acl",
      "provider": "provider[\"registry.terraform.io/hashicorp/aws\"]",
      "instances": [
        {
          "schema_version": 0,
          "attributes": {
            "description": "Default Policy",
            "etag": "ETVPDKIKX0DER",
            "id": "E2ETKK7XX9GF50",
            "name": "s3featuresconfigpolicyacl",
            "origin_access_control_origin_type": "s3",
            "signing_behavior": "always",
            "signing_protocol": "sigv4"
          },
          "sensitive_attributes": [],
          "private": "bnVsbA=="
        }
      ]
    },
    {
      "module": "module.features",
      "mode": "managed",
      "type": "aws_cloudfront_response_headers_policy",
      "name": "ofe_cdn_distribution_cors",
      "provider": "provider[\"registry.terraform.io/hashicorp/aws\"]",
      "instances": [
        {
          "schema_version": 0,
          "attributes": {
            "comment": "CORS Policy for OFE CDN Distribution",
            "cors_config": [
              {
                "access_control_allow_credentials": false,
                "access_control_allow_headers": [
                  {
                    "items": [
                      "*"
                    ]
                  }
                ],
                "access_control_allow_methods": [
                  {
                    "items": [
                      "GET"
                    ]
                  }
                ],
                "access_control_allow_origins": [
                  {
                    "items": [
                      "*"
                    ]
                  }
                ],
                "access_control_expose_headers": [],
                "access_control_max_age_sec": 0,
                "origin_override": true
              }
            ],
            "custom_headers_config": [],
            "etag": "E23ZP02F085DFQ",
            "id": "b6eff741-6d5a-435b-92ec-35d396b13585",
            "name": "cors-features-policy",
            "remove_headers_config": [],
            "security_headers_config": [],
            "server_timing_headers_config": []
          },
          "sensitive_attributes": [],
          "private": "bnVsbA=="
        }
      ]
    }
  ],
  "check_results": null
}
